// !$*UTF8*$!
{
	archiveVersion = 1;
	classes = {
	};
	objectVersion = 50;
	objects = {

/* Begin PBXBuildFile section */
		5101DD8624A24C4D009778FB /* AppDelegate.swift in Sources */ = {isa = PBXBuildFile; fileRef = 5101DD8524A24C4D009778FB /* AppDelegate.swift */; };
		5101DD8824A24C4D009778FB /* SceneDelegate.swift in Sources */ = {isa = PBXBuildFile; fileRef = 5101DD8724A24C4D009778FB /* SceneDelegate.swift */; };
		5101DD8A24A24C4D009778FB /* ContentView.swift in Sources */ = {isa = PBXBuildFile; fileRef = 5101DD8924A24C4D009778FB /* ContentView.swift */; };
		5101DD8C24A24C50009778FB /* Assets.xcassets in Resources */ = {isa = PBXBuildFile; fileRef = 5101DD8B24A24C50009778FB /* Assets.xcassets */; };
		5101DD8F24A24C50009778FB /* Preview Assets.xcassets in Resources */ = {isa = PBXBuildFile; fileRef = 5101DD8E24A24C50009778FB /* Preview Assets.xcassets */; };
		5101DD9224A24C50009778FB /* LaunchScreen.storyboard in Resources */ = {isa = PBXBuildFile; fileRef = 5101DD9024A24C50009778FB /* LaunchScreen.storyboard */; };
		510DF0BA24E12F16002CC74C /* LayoutBehavior.swift in Sources */ = {isa = PBXBuildFile; fileRef = 510DF0B924E12F16002CC74C /* LayoutBehavior.swift */; };
		510DF0BC24E130BC002CC74C /* LayoutBehaviorPushOut.swift in Sources */ = {isa = PBXBuildFile; fileRef = 510DF0BB24E130BC002CC74C /* LayoutBehaviorPushOut.swift */; };
		510DF0BE24E135F7002CC74C /* PreviewsIntro.swift in Sources */ = {isa = PBXBuildFile; fileRef = 510DF0BD24E135F7002CC74C /* PreviewsIntro.swift */; };
		510DF0C024E1372B002CC74C /* VerticalStacks.swift in Sources */ = {isa = PBXBuildFile; fileRef = 510DF0BF24E1372B002CC74C /* VerticalStacks.swift */; };
		510DF0C224E13AF4002CC74C /* NestingVStack.swift in Sources */ = {isa = PBXBuildFile; fileRef = 510DF0C124E13AF4002CC74C /* NestingVStack.swift */; };
		510DF0C424E13DB4002CC74C /* SpacingInVStack.swift in Sources */ = {isa = PBXBuildFile; fileRef = 510DF0C324E13DB4002CC74C /* SpacingInVStack.swift */; };
		510DF0C824E145E2002CC74C /* VStackAlignment.swift in Sources */ = {isa = PBXBuildFile; fileRef = 510DF0C724E145E2002CC74C /* VStackAlignment.swift */; };
		51299B7924E16FE100031311 /* LayoutHStack.swift in Sources */ = {isa = PBXBuildFile; fileRef = 51299B7824E16FE100031311 /* LayoutHStack.swift */; };
		51299B7B24E1712900031311 /* SpacingInHStack.swift in Sources */ = {isa = PBXBuildFile; fileRef = 51299B7A24E1712900031311 /* SpacingInHStack.swift */; };
		51299B7D24E1738400031311 /* AlignmentInHStack.swift in Sources */ = {isa = PBXBuildFile; fileRef = 51299B7C24E1738400031311 /* AlignmentInHStack.swift */; };
		51299B8224E1B70E00031311 /* TextAlignmentInHStack.swift in Sources */ = {isa = PBXBuildFile; fileRef = 51299B8124E1B70E00031311 /* TextAlignmentInHStack.swift */; };
		51299B8424E1BBE700031311 /* FirstAndLastTextAlignment.swift in Sources */ = {isa = PBXBuildFile; fileRef = 51299B8324E1BBE700031311 /* FirstAndLastTextAlignment.swift */; };
		51299B8624E1BFA100031311 /* CustomisingHStack.swift in Sources */ = {isa = PBXBuildFile; fileRef = 51299B8524E1BFA100031311 /* CustomisingHStack.swift */; };
		51299B8824E2303E00031311 /* LayoutPriorityInHStack.swift in Sources */ = {isa = PBXBuildFile; fileRef = 51299B8724E2303E00031311 /* LayoutPriorityInHStack.swift */; };
		51299B8B24E2330C00031311 /* BasicZStack.swift in Sources */ = {isa = PBXBuildFile; fileRef = 51299B8A24E2330C00031311 /* BasicZStack.swift */; };
		51299B8D24E2777D00031311 /* LayeringWithZStack.swift in Sources */ = {isa = PBXBuildFile; fileRef = 51299B8C24E2777D00031311 /* LayeringWithZStack.swift */; };
		51299B9024E27D8E00031311 /* GeometryExample.swift in Sources */ = {isa = PBXBuildFile; fileRef = 51299B8F24E27D8E00031311 /* GeometryExample.swift */; };
		516E864C24EA6E2100DC7A1E /* GeometryReaderPositioning.swift in Sources */ = {isa = PBXBuildFile; fileRef = 516E864B24EA6E2100DC7A1E /* GeometryReaderPositioning.swift */; };
		516E864E24EA72C000DC7A1E /* GeometryReaderSize.swift in Sources */ = {isa = PBXBuildFile; fileRef = 516E864D24EA72C000DC7A1E /* GeometryReaderSize.swift */; };
		516E865024EA770D00DC7A1E /* GeometryCoordinates.swift in Sources */ = {isa = PBXBuildFile; fileRef = 516E864F24EA770D00DC7A1E /* GeometryCoordinates.swift */; };
		516E865324EA860600DC7A1E /* ButtonView.swift in Sources */ = {isa = PBXBuildFile; fileRef = 516E865224EA860600DC7A1E /* ButtonView.swift */; };
		5187D45D24EBC5060058C974 /* TextCompositionInButton.swift in Sources */ = {isa = PBXBuildFile; fileRef = 5187D45C24EBC5060058C974 /* TextCompositionInButton.swift */; };
		5187D45F24EBC8FF0058C974 /* ButtonWithBackgrounds.swift in Sources */ = {isa = PBXBuildFile; fileRef = 5187D45E24EBC8FF0058C974 /* ButtonWithBackgrounds.swift */; };
		51F1D79224B72B6E0090D798 /* ShapesView.swift in Sources */ = {isa = PBXBuildFile; fileRef = 51F1D79124B72B6E0090D798 /* ShapesView.swift */; };
/* End PBXBuildFile section */

/* Begin PBXFileReference section */
		5101DD8224A24C4D009778FB /* LearningSwiftUI.app */ = {isa = PBXFileReference; explicitFileType = wrapper.application; includeInIndex = 0; path = LearningSwiftUI.app; sourceTree = BUILT_PRODUCTS_DIR; };
		5101DD8524A24C4D009778FB /* AppDelegate.swift */ = {isa = PBXFileReference; lastKnownFileType = sourcecode.swift; path = AppDelegate.swift; sourceTree = "<group>"; };
		5101DD8724A24C4D009778FB /* SceneDelegate.swift */ = {isa = PBXFileReference; lastKnownFileType = sourcecode.swift; path = SceneDelegate.swift; sourceTree = "<group>"; };
		5101DD8924A24C4D009778FB /* ContentView.swift */ = {isa = PBXFileReference; lastKnownFileType = sourcecode.swift; path = ContentView.swift; sourceTree = "<group>"; };
		5101DD8B24A24C50009778FB /* Assets.xcassets */ = {isa = PBXFileReference; lastKnownFileType = folder.assetcatalog; path = Assets.xcassets; sourceTree = "<group>"; };
		5101DD8E24A24C50009778FB /* Preview Assets.xcassets */ = {isa = PBXFileReference; lastKnownFileType = folder.assetcatalog; path = "Preview Assets.xcassets"; sourceTree = "<group>"; };
		5101DD9124A24C50009778FB /* Base */ = {isa = PBXFileReference; lastKnownFileType = file.storyboard; name = Base; path = Base.lproj/LaunchScreen.storyboard; sourceTree = "<group>"; };
		5101DD9324A24C50009778FB /* Info.plist */ = {isa = PBXFileReference; lastKnownFileType = text.plist.xml; path = Info.plist; sourceTree = "<group>"; };
		510DF0B924E12F16002CC74C /* LayoutBehavior.swift */ = {isa = PBXFileReference; lastKnownFileType = sourcecode.swift; path = LayoutBehavior.swift; sourceTree = "<group>"; };
		510DF0BB24E130BC002CC74C /* LayoutBehaviorPushOut.swift */ = {isa = PBXFileReference; lastKnownFileType = sourcecode.swift; path = LayoutBehaviorPushOut.swift; sourceTree = "<group>"; };
		510DF0BD24E135F7002CC74C /* PreviewsIntro.swift */ = {isa = PBXFileReference; lastKnownFileType = sourcecode.swift; path = PreviewsIntro.swift; sourceTree = "<group>"; };
		510DF0BF24E1372B002CC74C /* VerticalStacks.swift */ = {isa = PBXFileReference; lastKnownFileType = sourcecode.swift; path = VerticalStacks.swift; sourceTree = "<group>"; };
		510DF0C124E13AF4002CC74C /* NestingVStack.swift */ = {isa = PBXFileReference; lastKnownFileType = sourcecode.swift; path = NestingVStack.swift; sourceTree = "<group>"; };
		510DF0C324E13DB4002CC74C /* SpacingInVStack.swift */ = {isa = PBXFileReference; lastKnownFileType = sourcecode.swift; path = SpacingInVStack.swift; sourceTree = "<group>"; };
		510DF0C724E145E2002CC74C /* VStackAlignment.swift */ = {isa = PBXFileReference; lastKnownFileType = sourcecode.swift; path = VStackAlignment.swift; sourceTree = "<group>"; };
		51299B7824E16FE100031311 /* LayoutHStack.swift */ = {isa = PBXFileReference; lastKnownFileType = sourcecode.swift; path = LayoutHStack.swift; sourceTree = "<group>"; };
		51299B7A24E1712900031311 /* SpacingInHStack.swift */ = {isa = PBXFileReference; lastKnownFileType = sourcecode.swift; path = SpacingInHStack.swift; sourceTree = "<group>"; };
		51299B7C24E1738400031311 /* AlignmentInHStack.swift */ = {isa = PBXFileReference; lastKnownFileType = sourcecode.swift; path = AlignmentInHStack.swift; sourceTree = "<group>"; };
		51299B8124E1B70E00031311 /* TextAlignmentInHStack.swift */ = {isa = PBXFileReference; lastKnownFileType = sourcecode.swift; path = TextAlignmentInHStack.swift; sourceTree = "<group>"; };
		51299B8324E1BBE700031311 /* FirstAndLastTextAlignment.swift */ = {isa = PBXFileReference; lastKnownFileType = sourcecode.swift; path = FirstAndLastTextAlignment.swift; sourceTree = "<group>"; };
		51299B8524E1BFA100031311 /* CustomisingHStack.swift */ = {isa = PBXFileReference; lastKnownFileType = sourcecode.swift; path = CustomisingHStack.swift; sourceTree = "<group>"; };
		51299B8724E2303E00031311 /* LayoutPriorityInHStack.swift */ = {isa = PBXFileReference; lastKnownFileType = sourcecode.swift; path = LayoutPriorityInHStack.swift; sourceTree = "<group>"; };
		51299B8A24E2330C00031311 /* BasicZStack.swift */ = {isa = PBXFileReference; lastKnownFileType = sourcecode.swift; path = BasicZStack.swift; sourceTree = "<group>"; };
		51299B8C24E2777D00031311 /* LayeringWithZStack.swift */ = {isa = PBXFileReference; lastKnownFileType = sourcecode.swift; path = LayeringWithZStack.swift; sourceTree = "<group>"; };
		51299B8F24E27D8E00031311 /* GeometryExample.swift */ = {isa = PBXFileReference; lastKnownFileType = sourcecode.swift; path = GeometryExample.swift; sourceTree = "<group>"; };
		516E864B24EA6E2100DC7A1E /* GeometryReaderPositioning.swift */ = {isa = PBXFileReference; lastKnownFileType = sourcecode.swift; path = GeometryReaderPositioning.swift; sourceTree = "<group>"; };
		516E864D24EA72C000DC7A1E /* GeometryReaderSize.swift */ = {isa = PBXFileReference; lastKnownFileType = sourcecode.swift; path = GeometryReaderSize.swift; sourceTree = "<group>"; };
		516E864F24EA770D00DC7A1E /* GeometryCoordinates.swift */ = {isa = PBXFileReference; lastKnownFileType = sourcecode.swift; path = GeometryCoordinates.swift; sourceTree = "<group>"; };
		516E865224EA860600DC7A1E /* ButtonView.swift */ = {isa = PBXFileReference; lastKnownFileType = sourcecode.swift; path = ButtonView.swift; sourceTree = "<group>"; };
		5187D45C24EBC5060058C974 /* TextCompositionInButton.swift */ = {isa = PBXFileReference; lastKnownFileType = sourcecode.swift; path = TextCompositionInButton.swift; sourceTree = "<group>"; };
		5187D45E24EBC8FF0058C974 /* ButtonWithBackgrounds.swift */ = {isa = PBXFileReference; lastKnownFileType = sourcecode.swift; path = ButtonWithBackgrounds.swift; sourceTree = "<group>"; };
		51F1D79124B72B6E0090D798 /* ShapesView.swift */ = {isa = PBXFileReference; lastKnownFileType = sourcecode.swift; path = ShapesView.swift; sourceTree = "<group>"; };
/* End PBXFileReference section */

/* Begin PBXFrameworksBuildPhase section */
		5101DD7F24A24C4D009778FB /* Frameworks */ = {
			isa = PBXFrameworksBuildPhase;
			buildActionMask = 2147483647;
			files = (
			);
			runOnlyForDeploymentPostprocessing = 0;
		};
/* End PBXFrameworksBuildPhase section */

/* Begin PBXGroup section */
		5101DD7924A24C4D009778FB = {
			isa = PBXGroup;
			children = (
				5101DD8424A24C4D009778FB /* LearningSwiftUI */,
				5101DD8324A24C4D009778FB /* Products */,
			);
			sourceTree = "<group>";
		};
		5101DD8324A24C4D009778FB /* Products */ = {
			isa = PBXGroup;
			children = (
				5101DD8224A24C4D009778FB /* LearningSwiftUI.app */,
			);
			name = Products;
			sourceTree = "<group>";
		};
		5101DD8424A24C4D009778FB /* LearningSwiftUI */ = {
			isa = PBXGroup;
			children = (
				516E865124EA85EF00DC7A1E /* ControlViews */,
				51299B8E24E27D7700031311 /* GeometryReader */,
				51299B8924E232C400031311 /* ZStackExamples */,
				51299B8024E1B6E400031311 /* Basics */,
				51299B7F24E1B6D000031311 /* VStackExamples */,
				51299B7E24E1B6BB00031311 /* HStackExamples */,
				5101DD8524A24C4D009778FB /* AppDelegate.swift */,
				5101DD8724A24C4D009778FB /* SceneDelegate.swift */,
				5101DD8924A24C4D009778FB /* ContentView.swift */,
				5101DD8B24A24C50009778FB /* Assets.xcassets */,
				5101DD9024A24C50009778FB /* LaunchScreen.storyboard */,
				5101DD9324A24C50009778FB /* Info.plist */,
				5101DD8D24A24C50009778FB /* Preview Content */,
			);
			path = LearningSwiftUI;
			sourceTree = "<group>";
		};
		5101DD8D24A24C50009778FB /* Preview Content */ = {
			isa = PBXGroup;
			children = (
				5101DD8E24A24C50009778FB /* Preview Assets.xcassets */,
			);
			path = "Preview Content";
			sourceTree = "<group>";
		};
		51299B7E24E1B6BB00031311 /* HStackExamples */ = {
			isa = PBXGroup;
			children = (
				51299B7824E16FE100031311 /* LayoutHStack.swift */,
				51299B7A24E1712900031311 /* SpacingInHStack.swift */,
				51299B7C24E1738400031311 /* AlignmentInHStack.swift */,
				51299B8124E1B70E00031311 /* TextAlignmentInHStack.swift */,
				51299B8324E1BBE700031311 /* FirstAndLastTextAlignment.swift */,
				51299B8524E1BFA100031311 /* CustomisingHStack.swift */,
				51299B8724E2303E00031311 /* LayoutPriorityInHStack.swift */,
			);
			path = HStackExamples;
			sourceTree = "<group>";
		};
		51299B7F24E1B6D000031311 /* VStackExamples */ = {
			isa = PBXGroup;
			children = (
				510DF0BF24E1372B002CC74C /* VerticalStacks.swift */,
				510DF0C124E13AF4002CC74C /* NestingVStack.swift */,
				510DF0C324E13DB4002CC74C /* SpacingInVStack.swift */,
				510DF0C724E145E2002CC74C /* VStackAlignment.swift */,
			);
			path = VStackExamples;
			sourceTree = "<group>";
		};
		51299B8024E1B6E400031311 /* Basics */ = {
			isa = PBXGroup;
			children = (
				51F1D79124B72B6E0090D798 /* ShapesView.swift */,
				510DF0B924E12F16002CC74C /* LayoutBehavior.swift */,
				510DF0BB24E130BC002CC74C /* LayoutBehaviorPushOut.swift */,
				510DF0BD24E135F7002CC74C /* PreviewsIntro.swift */,
			);
			path = Basics;
			sourceTree = "<group>";
		};
		51299B8924E232C400031311 /* ZStackExamples */ = {
			isa = PBXGroup;
			children = (
				51299B8A24E2330C00031311 /* BasicZStack.swift */,
				51299B8C24E2777D00031311 /* LayeringWithZStack.swift */,
			);
			path = ZStackExamples;
			sourceTree = "<group>";
		};
		51299B8E24E27D7700031311 /* GeometryReader */ = {
			isa = PBXGroup;
			children = (
				51299B8F24E27D8E00031311 /* GeometryExample.swift */,
				516E864B24EA6E2100DC7A1E /* GeometryReaderPositioning.swift */,
				516E864D24EA72C000DC7A1E /* GeometryReaderSize.swift */,
				516E864F24EA770D00DC7A1E /* GeometryCoordinates.swift */,
			);
			path = GeometryReader;
			sourceTree = "<group>";
		};
		516E865124EA85EF00DC7A1E /* ControlViews */ = {
			isa = PBXGroup;
			children = (
				516E865224EA860600DC7A1E /* ButtonView.swift */,
				5187D45C24EBC5060058C974 /* TextCompositionInButton.swift */,
				5187D45E24EBC8FF0058C974 /* ButtonWithBackgrounds.swift */,
			);
			path = ControlViews;
			sourceTree = "<group>";
		};
/* End PBXGroup section */

/* Begin PBXNativeTarget section */
		5101DD8124A24C4D009778FB /* LearningSwiftUI */ = {
			isa = PBXNativeTarget;
			buildConfigurationList = 5101DD9624A24C50009778FB /* Build configuration list for PBXNativeTarget "LearningSwiftUI" */;
			buildPhases = (
				5101DD7E24A24C4D009778FB /* Sources */,
				5101DD7F24A24C4D009778FB /* Frameworks */,
				5101DD8024A24C4D009778FB /* Resources */,
			);
			buildRules = (
			);
			dependencies = (
			);
			name = LearningSwiftUI;
			productName = LearningSwiftUI;
			productReference = 5101DD8224A24C4D009778FB /* LearningSwiftUI.app */;
			productType = "com.apple.product-type.application";
		};
/* End PBXNativeTarget section */

/* Begin PBXProject section */
		5101DD7A24A24C4D009778FB /* Project object */ = {
			isa = PBXProject;
			attributes = {
				LastSwiftUpdateCheck = 1150;
				LastUpgradeCheck = 1150;
				ORGANIZATIONNAME = "Ravi Bastola";
				TargetAttributes = {
					5101DD8124A24C4D009778FB = {
						CreatedOnToolsVersion = 11.5;
					};
				};
			};
			buildConfigurationList = 5101DD7D24A24C4D009778FB /* Build configuration list for PBXProject "LearningSwiftUI" */;
			compatibilityVersion = "Xcode 9.3";
			developmentRegion = en;
			hasScannedForEncodings = 0;
			knownRegions = (
				en,
				Base,
			);
			mainGroup = 5101DD7924A24C4D009778FB;
			productRefGroup = 5101DD8324A24C4D009778FB /* Products */;
			projectDirPath = "";
			projectRoot = "";
			targets = (
				5101DD8124A24C4D009778FB /* LearningSwiftUI */,
			);
		};
/* End PBXProject section */

/* Begin PBXResourcesBuildPhase section */
		5101DD8024A24C4D009778FB /* Resources */ = {
			isa = PBXResourcesBuildPhase;
			buildActionMask = 2147483647;
			files = (
				5101DD9224A24C50009778FB /* LaunchScreen.storyboard in Resources */,
				5101DD8F24A24C50009778FB /* Preview Assets.xcassets in Resources */,
				5101DD8C24A24C50009778FB /* Assets.xcassets in Resources */,
			);
			runOnlyForDeploymentPostprocessing = 0;
		};
/* End PBXResourcesBuildPhase section */

/* Begin PBXSourcesBuildPhase section */
		5101DD7E24A24C4D009778FB /* Sources */ = {
			isa = PBXSourcesBuildPhase;
			buildActionMask = 2147483647;
			files = (
				5101DD8624A24C4D009778FB /* AppDelegate.swift in Sources */,
				510DF0C824E145E2002CC74C /* VStackAlignment.swift in Sources */,
				516E865324EA860600DC7A1E /* ButtonView.swift in Sources */,
				51299B7D24E1738400031311 /* AlignmentInHStack.swift in Sources */,
				516E865024EA770D00DC7A1E /* GeometryCoordinates.swift in Sources */,
				510DF0C224E13AF4002CC74C /* NestingVStack.swift in Sources */,
				51299B8624E1BFA100031311 /* CustomisingHStack.swift in Sources */,
				510DF0BA24E12F16002CC74C /* LayoutBehavior.swift in Sources */,
				516E864E24EA72C000DC7A1E /* GeometryReaderSize.swift in Sources */,
				510DF0C024E1372B002CC74C /* VerticalStacks.swift in Sources */,
				5187D45D24EBC5060058C974 /* TextCompositionInButton.swift in Sources */,
				51299B7924E16FE100031311 /* LayoutHStack.swift in Sources */,
				5187D45F24EBC8FF0058C974 /* ButtonWithBackgrounds.swift in Sources */,
				516E864C24EA6E2100DC7A1E /* GeometryReaderPositioning.swift in Sources */,
				51299B8B24E2330C00031311 /* BasicZStack.swift in Sources */,
				51299B8824E2303E00031311 /* LayoutPriorityInHStack.swift in Sources */,
				51299B7B24E1712900031311 /* SpacingInHStack.swift in Sources */,
				5101DD8824A24C4D009778FB /* SceneDelegate.swift in Sources */,
				510DF0BE24E135F7002CC74C /* PreviewsIntro.swift in Sources */,
				51F1D79224B72B6E0090D798 /* ShapesView.swift in Sources */,
				510DF0BC24E130BC002CC74C /* LayoutBehaviorPushOut.swift in Sources */,
				51299B9024E27D8E00031311 /* GeometryExample.swift in Sources */,
				510DF0C424E13DB4002CC74C /* SpacingInVStack.swift in Sources */,
				51299B8424E1BBE700031311 /* FirstAndLastTextAlignment.swift in Sources */,
				5101DD8A24A24C4D009778FB /* ContentView.swift in Sources */,
				51299B8D24E2777D00031311 /* LayeringWithZStack.swift in Sources */,
				51299B8224E1B70E00031311 /* TextAlignmentInHStack.swift in Sources */,
			);
			runOnlyForDeploymentPostprocessing = 0;
		};
/* End PBXSourcesBuildPhase section */

/* Begin PBXVariantGroup section */
		5101DD9024A24C50009778FB /* LaunchScreen.storyboard */ = {
			isa = PBXVariantGroup;
			children = (
				5101DD9124A24C50009778FB /* Base */,
			);
			name = LaunchScreen.storyboard;
			sourceTree = "<group>";
		};
/* End PBXVariantGroup section */

/* Begin XCBuildConfiguration section */
		5101DD9424A24C50009778FB /* Debug */ = {
			isa = XCBuildConfiguration;
			buildSettings = {
				ALWAYS_SEARCH_USER_PATHS = NO;
				CLANG_ANALYZER_NONNULL = YES;
				CLANG_ANALYZER_NUMBER_OBJECT_CONVERSION = YES_AGGRESSIVE;
				CLANG_CXX_LANGUAGE_STANDARD = "gnu++14";
				CLANG_CXX_LIBRARY = "libc++";
				CLANG_ENABLE_MODULES = YES;
				CLANG_ENABLE_OBJC_ARC = YES;
				CLANG_ENABLE_OBJC_WEAK = YES;
				CLANG_WARN_BLOCK_CAPTURE_AUTORELEASING = YES;
				CLANG_WARN_BOOL_CONVERSION = YES;
				CLANG_WARN_COMMA = YES;
				CLANG_WARN_CONSTANT_CONVERSION = YES;
				CLANG_WARN_DEPRECATED_OBJC_IMPLEMENTATIONS = YES;
				CLANG_WARN_DIRECT_OBJC_ISA_USAGE = YES_ERROR;
				CLANG_WARN_DOCUMENTATION_COMMENTS = YES;
				CLANG_WARN_EMPTY_BODY = YES;
				CLANG_WARN_ENUM_CONVERSION = YES;
				CLANG_WARN_INFINITE_RECURSION = YES;
				CLANG_WARN_INT_CONVERSION = YES;
				CLANG_WARN_NON_LITERAL_NULL_CONVERSION = YES;
				CLANG_WARN_OBJC_IMPLICIT_RETAIN_SELF = YES;
				CLANG_WARN_OBJC_LITERAL_CONVERSION = YES;
				CLANG_WARN_OBJC_ROOT_CLASS = YES_ERROR;
				CLANG_WARN_RANGE_LOOP_ANALYSIS = YES;
				CLANG_WARN_STRICT_PROTOTYPES = YES;
				CLANG_WARN_SUSPICIOUS_MOVE = YES;
				CLANG_WARN_UNGUARDED_AVAILABILITY = YES_AGGRESSIVE;
				CLANG_WARN_UNREACHABLE_CODE = YES;
				CLANG_WARN__DUPLICATE_METHOD_MATCH = YES;
				COPY_PHASE_STRIP = NO;
				DEBUG_INFORMATION_FORMAT = dwarf;
				ENABLE_STRICT_OBJC_MSGSEND = YES;
				ENABLE_TESTABILITY = YES;
				GCC_C_LANGUAGE_STANDARD = gnu11;
				GCC_DYNAMIC_NO_PIC = NO;
				GCC_NO_COMMON_BLOCKS = YES;
				GCC_OPTIMIZATION_LEVEL = 0;
				GCC_PREPROCESSOR_DEFINITIONS = (
					"DEBUG=1",
					"$(inherited)",
				);
				GCC_WARN_64_TO_32_BIT_CONVERSION = YES;
				GCC_WARN_ABOUT_RETURN_TYPE = YES_ERROR;
				GCC_WARN_UNDECLARED_SELECTOR = YES;
				GCC_WARN_UNINITIALIZED_AUTOS = YES_AGGRESSIVE;
				GCC_WARN_UNUSED_FUNCTION = YES;
				GCC_WARN_UNUSED_VARIABLE = YES;
				IPHONEOS_DEPLOYMENT_TARGET = 14.0;
				MTL_ENABLE_DEBUG_INFO = INCLUDE_SOURCE;
				MTL_FAST_MATH = YES;
				ONLY_ACTIVE_ARCH = YES;
				SDKROOT = iphoneos;
				SWIFT_ACTIVE_COMPILATION_CONDITIONS = DEBUG;
				SWIFT_OPTIMIZATION_LEVEL = "-Onone";
			};
			name = Debug;
		};
		5101DD9524A24C50009778FB /* Release */ = {
			isa = XCBuildConfiguration;
			buildSettings = {
				ALWAYS_SEARCH_USER_PATHS = NO;
				CLANG_ANALYZER_NONNULL = YES;
				CLANG_ANALYZER_NUMBER_OBJECT_CONVERSION = YES_AGGRESSIVE;
				CLANG_CXX_LANGUAGE_STANDARD = "gnu++14";
				CLANG_CXX_LIBRARY = "libc++";
				CLANG_ENABLE_MODULES = YES;
				CLANG_ENABLE_OBJC_ARC = YES;
				CLANG_ENABLE_OBJC_WEAK = YES;
				CLANG_WARN_BLOCK_CAPTURE_AUTORELEASING = YES;
				CLANG_WARN_BOOL_CONVERSION = YES;
				CLANG_WARN_COMMA = YES;
				CLANG_WARN_CONSTANT_CONVERSION = YES;
				CLANG_WARN_DEPRECATED_OBJC_IMPLEMENTATIONS = YES;
				CLANG_WARN_DIRECT_OBJC_ISA_USAGE = YES_ERROR;
				CLANG_WARN_DOCUMENTATION_COMMENTS = YES;
				CLANG_WARN_EMPTY_BODY = YES;
				CLANG_WARN_ENUM_CONVERSION = YES;
				CLANG_WARN_INFINITE_RECURSION = YES;
				CLANG_WARN_INT_CONVERSION = YES;
				CLANG_WARN_NON_LITERAL_NULL_CONVERSION = YES;
				CLANG_WARN_OBJC_IMPLICIT_RETAIN_SELF = YES;
				CLANG_WARN_OBJC_LITERAL_CONVERSION = YES;
				CLANG_WARN_OBJC_ROOT_CLASS = YES_ERROR;
				CLANG_WARN_RANGE_LOOP_ANALYSIS = YES;
				CLANG_WARN_STRICT_PROTOTYPES = YES;
				CLANG_WARN_SUSPICIOUS_MOVE = YES;
				CLANG_WARN_UNGUARDED_AVAILABILITY = YES_AGGRESSIVE;
				CLANG_WARN_UNREACHABLE_CODE = YES;
				CLANG_WARN__DUPLICATE_METHOD_MATCH = YES;
				COPY_PHASE_STRIP = NO;
				DEBUG_INFORMATION_FORMAT = "dwarf-with-dsym";
				ENABLE_NS_ASSERTIONS = NO;
				ENABLE_STRICT_OBJC_MSGSEND = YES;
				GCC_C_LANGUAGE_STANDARD = gnu11;
				GCC_NO_COMMON_BLOCKS = YES;
				GCC_WARN_64_TO_32_BIT_CONVERSION = YES;
				GCC_WARN_ABOUT_RETURN_TYPE = YES_ERROR;
				GCC_WARN_UNDECLARED_SELECTOR = YES;
				GCC_WARN_UNINITIALIZED_AUTOS = YES_AGGRESSIVE;
				GCC_WARN_UNUSED_FUNCTION = YES;
				GCC_WARN_UNUSED_VARIABLE = YES;
				IPHONEOS_DEPLOYMENT_TARGET = 14.0;
				MTL_ENABLE_DEBUG_INFO = NO;
				MTL_FAST_MATH = YES;
				SDKROOT = iphoneos;
				SWIFT_COMPILATION_MODE = wholemodule;
				SWIFT_OPTIMIZATION_LEVEL = "-O";
				VALIDATE_PRODUCT = YES;
			};
			name = Release;
		};
		5101DD9724A24C50009778FB /* Debug */ = {
			isa = XCBuildConfiguration;
			buildSettings = {
				ASSETCATALOG_COMPILER_APPICON_NAME = AppIcon;
				CODE_SIGN_STYLE = Automatic;
				DEVELOPMENT_ASSET_PATHS = "\"LearningSwiftUI/Preview Content\"";
				DEVELOPMENT_TEAM = 3V6G7ULMAP;
				ENABLE_PREVIEWS = YES;
				INFOPLIST_FILE = LearningSwiftUI/Info.plist;
				LD_RUNPATH_SEARCH_PATHS = (
					"$(inherited)",
					"@executable_path/Frameworks",
				);
				PRODUCT_BUNDLE_IDENTIFIER = bottle.LearningSwiftUI;
				PRODUCT_NAME = "$(TARGET_NAME)";
				SWIFT_VERSION = 5.0;
				TARGETED_DEVICE_FAMILY = "1,2";
			};
			name = Debug;
		};
		5101DD9824A24C50009778FB /* Release */ = {
			isa = XCBuildConfiguration;
			buildSettings = {
				ASSETCATALOG_COMPILER_APPICON_NAME = AppIcon;
				CODE_SIGN_STYLE = Automatic;
				DEVELOPMENT_ASSET_PATHS = "\"LearningSwiftUI/Preview Content\"";
				DEVELOPMENT_TEAM = 3V6G7ULMAP;
				ENABLE_PREVIEWS = YES;
				INFOPLIST_FILE = LearningSwiftUI/Info.plist;
				LD_RUNPATH_SEARCH_PATHS = (
					"$(inherited)",
					"@executable_path/Frameworks",
				);
				PRODUCT_BUNDLE_IDENTIFIER = bottle.LearningSwiftUI;
				PRODUCT_NAME = "$(TARGET_NAME)";
				SWIFT_VERSION = 5.0;
				TARGETED_DEVICE_FAMILY = "1,2";
			};
			name = Release;
		};
/* End XCBuildConfiguration section */

/* Begin XCConfigurationList section */
		5101DD7D24A24C4D009778FB /* Build configuration list for PBXProject "LearningSwiftUI" */ = {
			isa = XCConfigurationList;
			buildConfigurations = (
				5101DD9424A24C50009778FB /* Debug */,
				5101DD9524A24C50009778FB /* Release */,
			);
			defaultConfigurationIsVisible = 0;
			defaultConfigurationName = Release;
		};
		5101DD9624A24C50009778FB /* Build configuration list for PBXNativeTarget "LearningSwiftUI" */ = {
			isa = XCConfigurationList;
			buildConfigurations = (
				5101DD9724A24C50009778FB /* Debug */,
				5101DD9824A24C50009778FB /* Release */,
			);
			defaultConfigurationIsVisible = 0;
			defaultConfigurationName = Release;
		};
/* End XCConfigurationList section */
	};
	rootObject = 5101DD7A24A24C4D009778FB /* Project object */;
}
